
Microsoft Visual Studio Solution File, Format Version 12.00
# Visual Studio Version 16
VisualStudioVersion = 16.0.29009.5
MinimumVisualStudioVersion = 10.0.40219.1
Project("{8BC9CEB8-8B4A-11D0-8D11-00A0C91BC942}") = "A-P_Arithmetic", "A-P_Arithmetic.vcxproj", "{3C9D940A-FE48-4B4D-A9BE-DAD5F59B0E12}"
EndProject
Global
	GlobalSection(SolutionConfigurationPlatforms) = preSolution
		Debug|x64 = Debug|x64
		Debug|x86 = Debug|x86
		Release|x64 = Release|x64
		Release|x86 = Release|x86
	EndGlobalSection
	GlobalSection(ProjectConfigurationPlatforms) = postSolution
		{3C9D940A-FE48-4B4D-A9BE-DAD5F59B0E12}.Debug|x64.ActiveCfg = Debug|x64
		{3C9D940A-FE48-4B4D-A9BE-DAD5F59B0E12}.Debug|x64.Build.0 = Debug|x64
		{3C9D940A-FE48-4B4D-A9BE-DAD5F59B0E12}.Debug|x86.ActiveCfg = Debug|Win32
		{3C9D940A-FE48-4B4D-A9BE-DAD5F59B0E12}.Debug|x86.Build.0 = Debug|Win32
		{3C9D940A-FE48-4B4D-A9BE-DAD5F59B0E12}.Release|x64.ActiveCfg = Release|x64
		{3C9D940A-FE48-4B4D-A9BE-DAD5F59B0E12}.Release|x64.Build.0 = Release|x64
		{3C9D940A-FE48-4B4D-A9BE-DAD5F59B0E12}.Release|x86.ActiveCfg = Release|Win32
		{3C9D940A-FE48-4B4D-A9BE-DAD5F59B0E12}.Release|x86.Build.0 = Release|Win32
	EndGlobalSection
	GlobalSection(SolutionProperties) = preSolution
		HideSolutionNode = FALSE
	EndGlobalSection
	GlobalSection(ExtensibilityGlobals) = postSolution
		SolutionGuid = {8DAE9E9B-EB88-4F1F-BB37-971C1DAACAD5}
	EndGlobalSection
EndGlobal
